
Microsoft Visual Studio Solution File, Format Version 12.00
# Visual Studio Version 16
VisualStudioVersion = 16.0.30204.135
MinimumVisualStudioVersion = 10.0.40219.1
Project("{9A19103F-16F7-4668-BE54-9A1E7A4F7556}") = "Nivaes.TimeLine.Windows", "Nivaes.TimeLine.Windows\Nivaes.TimeLine.Windows.csproj", "{EC77DB6B-1B31-44B4-823C-1AF973D2973E}"
EndProject
Project("{2150E333-8FDC-42A3-9474-1A3956D46DE8}") = "Solution Items", "Solution Items", "{2D882ED8-BDF5-48B3-9D57-D8A51B32484C}"
	ProjectSection(SolutionItems) = preProject
		.editorconfig = .editorconfig
		.gitattributes = .gitattributes
		.gitignore = .gitignore
		Directory.Build.props = Directory.Build.props
		Directory.Build.targets = Directory.Build.targets
		global.json = global.json
		LICENSE = LICENSE
		NuGet.config = NuGet.config
		README.md = README.md
	EndProjectSection
EndProject
Project("{9A19103F-16F7-4668-BE54-9A1E7A4F7556}") = "Nivaes.TimeLine.Droid", "Nivaes.TimeLine.Droid\Nivaes.TimeLine.Droid.csproj", "{D3BEB0EF-F506-406B-A584-7A54820C7BA6}"
EndProject
Project("{9A19103F-16F7-4668-BE54-9A1E7A4F7556}") = "Nivaes.TimeLine.iOS", "Nivaes.TimeLine.iOS\Nivaes.TimeLine.iOS.csproj", "{E64B038B-65E4-4281-A078-348F08742D77}"
EndProject
Project("{FAE04EC0-301F-11D3-BF4B-00C04F79EFBC}") = "Nivaes.TimeLine.Droid.Sample", "Nivaes.TimeLine.Droid.Sample\Nivaes.TimeLine.Droid.Sample.csproj", "{CBBF94D4-317E-43E9-9430-DF3362EB6B52}"
EndProject
Project("{FAE04EC0-301F-11D3-BF4B-00C04F79EFBC}") = "Nivaes.TimeLine.iOS.Sample", "Nivaes.TimeLine.iOS.Sample\Nivaes.TimeLine.iOS.Sample.csproj", "{CDB44160-CD6B-4251-96BA-E315A89780DA}"
EndProject
Project("{FAE04EC0-301F-11D3-BF4B-00C04F79EFBC}") = "Nivaes.TimeLine.Windows.Sample", "Nivaes.TimeLine.Windows.Sample\Nivaes.TimeLine.Windows.Sample.csproj", "{F5DB105B-D9D3-42B6-825F-54AD4DB6B86A}"
EndProject
Global
	GlobalSection(SolutionConfigurationPlatforms) = preSolution
		Debug|Any CPU = Debug|Any CPU
		Debug|ARM = Debug|ARM
		Debug|ARM64 = Debug|ARM64
		Debug|iPhone = Debug|iPhone
		Debug|iPhoneSimulator = Debug|iPhoneSimulator
		Debug|x64 = Debug|x64
		Debug|x86 = Debug|x86
		Release|Any CPU = Release|Any CPU
		Release|ARM = Release|ARM
		Release|ARM64 = Release|ARM64
		Release|iPhone = Release|iPhone
		Release|iPhoneSimulator = Release|iPhoneSimulator
		Release|x64 = Release|x64
		Release|x86 = Release|x86
	EndGlobalSection
	GlobalSection(ProjectConfigurationPlatforms) = postSolution
		{EC77DB6B-1B31-44B4-823C-1AF973D2973E}.Debug|Any CPU.ActiveCfg = Debug|Any CPU
		{EC77DB6B-1B31-44B4-823C-1AF973D2973E}.Debug|Any CPU.Build.0 = Debug|Any CPU
		{EC77DB6B-1B31-44B4-823C-1AF973D2973E}.Debug|ARM.ActiveCfg = Debug|Any CPU
		{EC77DB6B-1B31-44B4-823C-1AF973D2973E}.Debug|ARM.Build.0 = Debug|Any CPU
		{EC77DB6B-1B31-44B4-823C-1AF973D2973E}.Debug|ARM64.ActiveCfg = Debug|Any CPU
		{EC77DB6B-1B31-44B4-823C-1AF973D2973E}.Debug|ARM64.Build.0 = Debug|Any CPU
		{EC77DB6B-1B31-44B4-823C-1AF973D2973E}.Debug|iPhone.ActiveCfg = Debug|Any CPU
		{EC77DB6B-1B31-44B4-823C-1AF973D2973E}.Debug|iPhone.Build.0 = Debug|Any CPU
		{EC77DB6B-1B31-44B4-823C-1AF973D2973E}.Debug|iPhoneSimulator.ActiveCfg = Debug|Any CPU
		{EC77DB6B-1B31-44B4-823C-1AF973D2973E}.Debug|iPhoneSimulator.Build.0 = Debug|Any CPU
		{EC77DB6B-1B31-44B4-823C-1AF973D2973E}.Debug|x64.ActiveCfg = Debug|Any CPU
		{EC77DB6B-1B31-44B4-823C-1AF973D2973E}.Debug|x64.Build.0 = Debug|Any CPU
		{EC77DB6B-1B31-44B4-823C-1AF973D2973E}.Debug|x86.ActiveCfg = Debug|Any CPU
		{EC77DB6B-1B31-44B4-823C-1AF973D2973E}.Debug|x86.Build.0 = Debug|Any CPU
		{EC77DB6B-1B31-44B4-823C-1AF973D2973E}.Release|Any CPU.ActiveCfg = Release|Any CPU
		{EC77DB6B-1B31-44B4-823C-1AF973D2973E}.Release|Any CPU.Build.0 = Release|Any CPU
		{EC77DB6B-1B31-44B4-823C-1AF973D2973E}.Release|ARM.ActiveCfg = Release|Any CPU
		{EC77DB6B-1B31-44B4-823C-1AF973D2973E}.Release|ARM.Build.0 = Release|Any CPU
		{EC77DB6B-1B31-44B4-823C-1AF973D2973E}.Release|ARM64.ActiveCfg = Release|Any CPU
		{EC77DB6B-1B31-44B4-823C-1AF973D2973E}.Release|ARM64.Build.0 = Release|Any CPU
		{EC77DB6B-1B31-44B4-823C-1AF973D2973E}.Release|iPhone.ActiveCfg = Release|Any CPU
		{EC77DB6B-1B31-44B4-823C-1AF973D2973E}.Release|iPhone.Build.0 = Release|Any CPU
		{EC77DB6B-1B31-44B4-823C-1AF973D2973E}.Release|iPhoneSimulator.ActiveCfg = Release|Any CPU
		{EC77DB6B-1B31-44B4-823C-1AF973D2973E}.Release|iPhoneSimulator.Build.0 = Release|Any CPU
		{EC77DB6B-1B31-44B4-823C-1AF973D2973E}.Release|x64.ActiveCfg = Release|Any CPU
		{EC77DB6B-1B31-44B4-823C-1AF973D2973E}.Release|x64.Build.0 = Release|Any CPU
		{EC77DB6B-1B31-44B4-823C-1AF973D2973E}.Release|x86.ActiveCfg = Release|Any CPU
		{EC77DB6B-1B31-44B4-823C-1AF973D2973E}.Release|x86.Build.0 = Release|Any CPU
		{D3BEB0EF-F506-406B-A584-7A54820C7BA6}.Debug|Any CPU.ActiveCfg = Debug|Any CPU
		{D3BEB0EF-F506-406B-A584-7A54820C7BA6}.Debug|Any CPU.Build.0 = Debug|Any CPU
		{D3BEB0EF-F506-406B-A584-7A54820C7BA6}.Debug|ARM.ActiveCfg = Debug|Any CPU
		{D3BEB0EF-F506-406B-A584-7A54820C7BA6}.Debug|ARM.Build.0 = Debug|Any CPU
		{D3BEB0EF-F506-406B-A584-7A54820C7BA6}.Debug|ARM64.ActiveCfg = Debug|Any CPU
		{D3BEB0EF-F506-406B-A584-7A54820C7BA6}.Debug|ARM64.Build.0 = Debug|Any CPU
		{D3BEB0EF-F506-406B-A584-7A54820C7BA6}.Debug|iPhone.ActiveCfg = Debug|Any CPU
		{D3BEB0EF-F506-406B-A584-7A54820C7BA6}.Debug|iPhone.Build.0 = Debug|Any CPU
		{D3BEB0EF-F506-406B-A584-7A54820C7BA6}.Debug|iPhoneSimulator.ActiveCfg = Debug|Any CPU
		{D3BEB0EF-F506-406B-A584-7A54820C7BA6}.Debug|iPhoneSimulator.Build.0 = Debug|Any CPU
		{D3BEB0EF-F506-406B-A584-7A54820C7BA6}.Debug|x64.ActiveCfg = Debug|Any CPU
		{D3BEB0EF-F506-406B-A584-7A54820C7BA6}.Debug|x64.Build.0 = Debug|Any CPU
		{D3BEB0EF-F506-406B-A584-7A54820C7BA6}.Debug|x86.ActiveCfg = Debug|Any CPU
		{D3BEB0EF-F506-406B-A584-7A54820C7BA6}.Debug|x86.Build.0 = Debug|Any CPU
		{D3BEB0EF-F506-406B-A584-7A54820C7BA6}.Release|Any CPU.ActiveCfg = Release|Any CPU
		{D3BEB0EF-F506-406B-A584-7A54820C7BA6}.Release|Any CPU.Build.0 = Release|Any CPU
		{D3BEB0EF-F506-406B-A584-7A54820C7BA6}.Release|ARM.ActiveCfg = Release|Any CPU
		{D3BEB0EF-F506-406B-A584-7A54820C7BA6}.Release|ARM.Build.0 = Release|Any CPU
		{D3BEB0EF-F506-406B-A584-7A54820C7BA6}.Release|ARM64.ActiveCfg = Release|Any CPU
		{D3BEB0EF-F506-406B-A584-7A54820C7BA6}.Release|ARM64.Build.0 = Release|Any CPU
		{D3BEB0EF-F506-406B-A584-7A54820C7BA6}.Release|iPhone.ActiveCfg = Release|Any CPU
		{D3BEB0EF-F506-406B-A584-7A54820C7BA6}.Release|iPhone.Build.0 = Release|Any CPU
		{D3BEB0EF-F506-406B-A584-7A54820C7BA6}.Release|iPhoneSimulator.ActiveCfg = Release|Any CPU
		{D3BEB0EF-F506-406B-A584-7A54820C7BA6}.Release|iPhoneSimulator.Build.0 = Release|Any CPU
		{D3BEB0EF-F506-406B-A584-7A54820C7BA6}.Release|x64.ActiveCfg = Release|Any CPU
		{D3BEB0EF-F506-406B-A584-7A54820C7BA6}.Release|x64.Build.0 = Release|Any CPU
		{D3BEB0EF-F506-406B-A584-7A54820C7BA6}.Release|x86.ActiveCfg = Release|Any CPU
		{D3BEB0EF-F506-406B-A584-7A54820C7BA6}.Release|x86.Build.0 = Release|Any CPU
		{E64B038B-65E4-4281-A078-348F08742D77}.Debug|Any CPU.ActiveCfg = Debug|Any CPU
		{E64B038B-65E4-4281-A078-348F08742D77}.Debug|Any CPU.Build.0 = Debug|Any CPU
		{E64B038B-65E4-4281-A078-348F08742D77}.Debug|ARM.ActiveCfg = Debug|Any CPU
		{E64B038B-65E4-4281-A078-348F08742D77}.Debug|ARM.Build.0 = Debug|Any CPU
		{E64B038B-65E4-4281-A078-348F08742D77}.Debug|ARM64.ActiveCfg = Debug|Any CPU
		{E64B038B-65E4-4281-A078-348F08742D77}.Debug|ARM64.Build.0 = Debug|Any CPU
		{E64B038B-65E4-4281-A078-348F08742D77}.Debug|iPhone.ActiveCfg = Debug|Any CPU
		{E64B038B-65E4-4281-A078-348F08742D77}.Debug|iPhone.Build.0 = Debug|Any CPU
		{E64B038B-65E4-4281-A078-348F08742D77}.Debug|iPhoneSimulator.ActiveCfg = Debug|Any CPU
		{E64B038B-65E4-4281-A078-348F08742D77}.Debug|iPhoneSimulator.Build.0 = Debug|Any CPU
		{E64B038B-65E4-4281-A078-348F08742D77}.Debug|x64.ActiveCfg = Debug|Any CPU
		{E64B038B-65E4-4281-A078-348F08742D77}.Debug|x64.Build.0 = Debug|Any CPU
		{E64B038B-65E4-4281-A078-348F08742D77}.Debug|x86.ActiveCfg = Debug|Any CPU
		{E64B038B-65E4-4281-A078-348F08742D77}.Debug|x86.Build.0 = Debug|Any CPU
		{E64B038B-65E4-4281-A078-348F08742D77}.Release|Any CPU.ActiveCfg = Release|Any CPU
		{E64B038B-65E4-4281-A078-348F08742D77}.Release|Any CPU.Build.0 = Release|Any CPU
		{E64B038B-65E4-4281-A078-348F08742D77}.Release|ARM.ActiveCfg = Release|Any CPU
		{E64B038B-65E4-4281-A078-348F08742D77}.Release|ARM.Build.0 = Release|Any CPU
		{E64B038B-65E4-4281-A078-348F08742D77}.Release|ARM64.ActiveCfg = Release|Any CPU
		{E64B038B-65E4-4281-A078-348F08742D77}.Release|ARM64.Build.0 = Release|Any CPU
		{E64B038B-65E4-4281-A078-348F08742D77}.Release|iPhone.ActiveCfg = Release|Any CPU
		{E64B038B-65E4-4281-A078-348F08742D77}.Release|iPhone.Build.0 = Release|Any CPU
		{E64B038B-65E4-4281-A078-348F08742D77}.Release|iPhoneSimulator.ActiveCfg = Release|Any CPU
		{E64B038B-65E4-4281-A078-348F08742D77}.Release|iPhoneSimulator.Build.0 = Release|Any CPU
		{E64B038B-65E4-4281-A078-348F08742D77}.Release|x64.ActiveCfg = Release|Any CPU
		{E64B038B-65E4-4281-A078-348F08742D77}.Release|x64.Build.0 = Release|Any CPU
		{E64B038B-65E4-4281-A078-348F08742D77}.Release|x86.ActiveCfg = Release|Any CPU
		{E64B038B-65E4-4281-A078-348F08742D77}.Release|x86.Build.0 = Release|Any CPU
		{CBBF94D4-317E-43E9-9430-DF3362EB6B52}.Debug|Any CPU.ActiveCfg = Debug|Any CPU
		{CBBF94D4-317E-43E9-9430-DF3362EB6B52}.Debug|Any CPU.Build.0 = Debug|Any CPU
		{CBBF94D4-317E-43E9-9430-DF3362EB6B52}.Debug|Any CPU.Deploy.0 = Debug|Any CPU
		{CBBF94D4-317E-43E9-9430-DF3362EB6B52}.Debug|ARM.ActiveCfg = Debug|Any CPU
		{CBBF94D4-317E-43E9-9430-DF3362EB6B52}.Debug|ARM.Build.0 = Debug|Any CPU
		{CBBF94D4-317E-43E9-9430-DF3362EB6B52}.Debug|ARM.Deploy.0 = Debug|Any CPU
		{CBBF94D4-317E-43E9-9430-DF3362EB6B52}.Debug|ARM64.ActiveCfg = Debug|Any CPU
		{CBBF94D4-317E-43E9-9430-DF3362EB6B52}.Debug|ARM64.Build.0 = Debug|Any CPU
		{CBBF94D4-317E-43E9-9430-DF3362EB6B52}.Debug|ARM64.Deploy.0 = Debug|Any CPU
		{CBBF94D4-317E-43E9-9430-DF3362EB6B52}.Debug|iPhone.ActiveCfg = Debug|Any CPU
		{CBBF94D4-317E-43E9-9430-DF3362EB6B52}.Debug|iPhone.Build.0 = Debug|Any CPU
		{CBBF94D4-317E-43E9-9430-DF3362EB6B52}.Debug|iPhone.Deploy.0 = Debug|Any CPU
		{CBBF94D4-317E-43E9-9430-DF3362EB6B52}.Debug|iPhoneSimulator.ActiveCfg = Debug|Any CPU
		{CBBF94D4-317E-43E9-9430-DF3362EB6B52}.Debug|iPhoneSimulator.Build.0 = Debug|Any CPU
		{CBBF94D4-317E-43E9-9430-DF3362EB6B52}.Debug|iPhoneSimulator.Deploy.0 = Debug|Any CPU
		{CBBF94D4-317E-43E9-9430-DF3362EB6B52}.Debug|x64.ActiveCfg = Debug|Any CPU
		{CBBF94D4-317E-43E9-9430-DF3362EB6B52}.Debug|x64.Build.0 = Debug|Any CPU
		{CBBF94D4-317E-43E9-9430-DF3362EB6B52}.Debug|x64.Deploy.0 = Debug|Any CPU
		{CBBF94D4-317E-43E9-9430-DF3362EB6B52}.Debug|x86.ActiveCfg = Debug|Any CPU
		{CBBF94D4-317E-43E9-9430-DF3362EB6B52}.Debug|x86.Build.0 = Debug|Any CPU
		{CBBF94D4-317E-43E9-9430-DF3362EB6B52}.Debug|x86.Deploy.0 = Debug|Any CPU
		{CBBF94D4-317E-43E9-9430-DF3362EB6B52}.Release|Any CPU.ActiveCfg = Release|Any CPU
		{CBBF94D4-317E-43E9-9430-DF3362EB6B52}.Release|Any CPU.Build.0 = Release|Any CPU
		{CBBF94D4-317E-43E9-9430-DF3362EB6B52}.Release|Any CPU.Deploy.0 = Release|Any CPU
		{CBBF94D4-317E-43E9-9430-DF3362EB6B52}.Release|ARM.ActiveCfg = Release|Any CPU
		{CBBF94D4-317E-43E9-9430-DF3362EB6B52}.Release|ARM.Build.0 = Release|Any CPU
		{CBBF94D4-317E-43E9-9430-DF3362EB6B52}.Release|ARM.Deploy.0 = Release|Any CPU
		{CBBF94D4-317E-43E9-9430-DF3362EB6B52}.Release|ARM64.ActiveCfg = Release|Any CPU
		{CBBF94D4-317E-43E9-9430-DF3362EB6B52}.Release|ARM64.Build.0 = Release|Any CPU
		{CBBF94D4-317E-43E9-9430-DF3362EB6B52}.Release|ARM64.Deploy.0 = Release|Any CPU
		{CBBF94D4-317E-43E9-9430-DF3362EB6B52}.Release|iPhone.ActiveCfg = Release|Any CPU
		{CBBF94D4-317E-43E9-9430-DF3362EB6B52}.Release|iPhone.Build.0 = Release|Any CPU
		{CBBF94D4-317E-43E9-9430-DF3362EB6B52}.Release|iPhone.Deploy.0 = Release|Any CPU
		{CBBF94D4-317E-43E9-9430-DF3362EB6B52}.Release|iPhoneSimulator.ActiveCfg = Release|Any CPU
		{CBBF94D4-317E-43E9-9430-DF3362EB6B52}.Release|iPhoneSimulator.Build.0 = Release|Any CPU
		{CBBF94D4-317E-43E9-9430-DF3362EB6B52}.Release|iPhoneSimulator.Deploy.0 = Release|Any CPU
		{CBBF94D4-317E-43E9-9430-DF3362EB6B52}.Release|x64.ActiveCfg = Release|Any CPU
		{CBBF94D4-317E-43E9-9430-DF3362EB6B52}.Release|x64.Build.0 = Release|Any CPU
		{CBBF94D4-317E-43E9-9430-DF3362EB6B52}.Release|x64.Deploy.0 = Release|Any CPU
		{CBBF94D4-317E-43E9-9430-DF3362EB6B52}.Release|x86.ActiveCfg = Release|Any CPU
		{CBBF94D4-317E-43E9-9430-DF3362EB6B52}.Release|x86.Build.0 = Release|Any CPU
		{CBBF94D4-317E-43E9-9430-DF3362EB6B52}.Release|x86.Deploy.0 = Release|Any CPU
		{CDB44160-CD6B-4251-96BA-E315A89780DA}.Debug|Any CPU.ActiveCfg = Debug|iPhone
		{CDB44160-CD6B-4251-96BA-E315A89780DA}.Debug|ARM.ActiveCfg = Debug|iPhone
		{CDB44160-CD6B-4251-96BA-E315A89780DA}.Debug|ARM64.ActiveCfg = Debug|iPhone
		{CDB44160-CD6B-4251-96BA-E315A89780DA}.Debug|iPhone.ActiveCfg = Debug|iPhone
		{CDB44160-CD6B-4251-96BA-E315A89780DA}.Debug|iPhone.Build.0 = Debug|iPhone
		{CDB44160-CD6B-4251-96BA-E315A89780DA}.Debug|iPhoneSimulator.ActiveCfg = Debug|iPhoneSimulator
		{CDB44160-CD6B-4251-96BA-E315A89780DA}.Debug|iPhoneSimulator.Build.0 = Debug|iPhoneSimulator
		{CDB44160-CD6B-4251-96BA-E315A89780DA}.Debug|x64.ActiveCfg = Debug|iPhone
		{CDB44160-CD6B-4251-96BA-E315A89780DA}.Debug|x86.ActiveCfg = Debug|iPhone
		{CDB44160-CD6B-4251-96BA-E315A89780DA}.Release|Any CPU.ActiveCfg = Release|iPhone
		{CDB44160-CD6B-4251-96BA-E315A89780DA}.Release|ARM.ActiveCfg = Release|iPhone
		{CDB44160-CD6B-4251-96BA-E315A89780DA}.Release|ARM64.ActiveCfg = Release|iPhone
		{CDB44160-CD6B-4251-96BA-E315A89780DA}.Release|iPhone.ActiveCfg = Release|iPhone
		{CDB44160-CD6B-4251-96BA-E315A89780DA}.Release|iPhone.Build.0 = Release|iPhone
		{CDB44160-CD6B-4251-96BA-E315A89780DA}.Release|iPhoneSimulator.ActiveCfg = Release|iPhoneSimulator
		{CDB44160-CD6B-4251-96BA-E315A89780DA}.Release|iPhoneSimulator.Build.0 = Release|iPhoneSimulator
		{CDB44160-CD6B-4251-96BA-E315A89780DA}.Release|x64.ActiveCfg = Release|iPhone
		{CDB44160-CD6B-4251-96BA-E315A89780DA}.Release|x86.ActiveCfg = Release|iPhone
		{F5DB105B-D9D3-42B6-825F-54AD4DB6B86A}.Debug|Any CPU.ActiveCfg = Debug|x86
		{F5DB105B-D9D3-42B6-825F-54AD4DB6B86A}.Debug|ARM.ActiveCfg = Debug|ARM
		{F5DB105B-D9D3-42B6-825F-54AD4DB6B86A}.Debug|ARM.Build.0 = Debug|ARM
		{F5DB105B-D9D3-42B6-825F-54AD4DB6B86A}.Debug|ARM.Deploy.0 = Debug|ARM
		{F5DB105B-D9D3-42B6-825F-54AD4DB6B86A}.Debug|ARM64.ActiveCfg = Debug|ARM64
		{F5DB105B-D9D3-42B6-825F-54AD4DB6B86A}.Debug|ARM64.Build.0 = Debug|ARM64
		{F5DB105B-D9D3-42B6-825F-54AD4DB6B86A}.Debug|ARM64.Deploy.0 = Debug|ARM64
		{F5DB105B-D9D3-42B6-825F-54AD4DB6B86A}.Debug|iPhone.ActiveCfg = Debug|x86
		{F5DB105B-D9D3-42B6-825F-54AD4DB6B86A}.Debug|iPhoneSimulator.ActiveCfg = Debug|x86
		{F5DB105B-D9D3-42B6-825F-54AD4DB6B86A}.Debug|x64.ActiveCfg = Debug|x64
		{F5DB105B-D9D3-42B6-825F-54AD4DB6B86A}.Debug|x64.Build.0 = Debug|x64
		{F5DB105B-D9D3-42B6-825F-54AD4DB6B86A}.Debug|x64.Deploy.0 = Debug|x64
		{F5DB105B-D9D3-42B6-825F-54AD4DB6B86A}.Debug|x86.ActiveCfg = Debug|x86
		{F5DB105B-D9D3-42B6-825F-54AD4DB6B86A}.Debug|x86.Build.0 = Debug|x86
		{F5DB105B-D9D3-42B6-825F-54AD4DB6B86A}.Debug|x86.Deploy.0 = Debug|x86
		{F5DB105B-D9D3-42B6-825F-54AD4DB6B86A}.Release|Any CPU.ActiveCfg = Release|x86
		{F5DB105B-D9D3-42B6-825F-54AD4DB6B86A}.Release|ARM.ActiveCfg = Release|ARM
		{F5DB105B-D9D3-42B6-825F-54AD4DB6B86A}.Release|ARM.Build.0 = Release|ARM
		{F5DB105B-D9D3-42B6-825F-54AD4DB6B86A}.Release|ARM.Deploy.0 = Release|ARM
		{F5DB105B-D9D3-42B6-825F-54AD4DB6B86A}.Release|ARM64.ActiveCfg = Release|ARM64
		{F5DB105B-D9D3-42B6-825F-54AD4DB6B86A}.Release|ARM64.Build.0 = Release|ARM64
		{F5DB105B-D9D3-42B6-825F-54AD4DB6B86A}.Release|ARM64.Deploy.0 = Release|ARM64
		{F5DB105B-D9D3-42B6-825F-54AD4DB6B86A}.Release|iPhone.ActiveCfg = Release|x86
		{F5DB105B-D9D3-42B6-825F-54AD4DB6B86A}.Release|iPhoneSimulator.ActiveCfg = Release|x86
		{F5DB105B-D9D3-42B6-825F-54AD4DB6B86A}.Release|x64.ActiveCfg = Release|x64
		{F5DB105B-D9D3-42B6-825F-54AD4DB6B86A}.Release|x64.Build.0 = Release|x64
		{F5DB105B-D9D3-42B6-825F-54AD4DB6B86A}.Release|x64.Deploy.0 = Release|x64
		{F5DB105B-D9D3-42B6-825F-54AD4DB6B86A}.Release|x86.ActiveCfg = Release|x86
		{F5DB105B-D9D3-42B6-825F-54AD4DB6B86A}.Release|x86.Build.0 = Release|x86
		{F5DB105B-D9D3-42B6-825F-54AD4DB6B86A}.Release|x86.Deploy.0 = Release|x86
	EndGlobalSection
	GlobalSection(SolutionProperties) = preSolution
		HideSolutionNode = FALSE
	EndGlobalSection
	GlobalSection(ExtensibilityGlobals) = postSolution
		SolutionGuid = {7B86F2E8-EE7B-401A-BC63-D0A16E11471C}
	EndGlobalSection
EndGlobal
