<Solution>
  <Folder Name="/Packets/">
    <Project Path="Packets/Nivaes.TimeLine.csproj" />
  </Folder>
  <Folder Name="/Samples/">
    <Project Path="Samples/Nivaes.TimeLine.Droid.Sample/Nivaes.TimeLine.Droid.Sample.csproj" >
      <Deploy />
    </Project>
    <Project Path="Samples/Nivaes.TimeLine.iOS.Sample/Nivaes.TimeLine.iOS.Sample.csproj">
      <Deploy />
    </Project>
    <Project Path="Samples/Nivaes.TimeLine.WinUI.Sample/Nivaes.TimeLine.WinUI.Sample.csproj">
      <Platform Project="x64" />
      <Deploy />
    </Project>
  </Folder>
  <Folder Name="/Solution Items/">
    <File Path=".editorconfig" />
    <File Path=".gitattributes" />
    <File Path=".gitignore" />
    <File Path="Directory.Build.props" />
    <File Path="Directory.Build.targets" />
    <File Path="Directory.Packages.props" />
    <File Path="global.json" />
    <File Path="LICENSE" />
    <File Path="NuGet.config" />
    <File Path="README.md" />
  </Folder>
  <Folder Name="/Solution Items/.github/" />
  <Folder Name="/Solution Items/.github/workflows/">
    <File Path=".github/workflows/build_release.yaml" />
    <File Path=".github/workflows/ci.yaml" />
    <File Path=".github/workflows/delete-old-runs.yaml" />
    <File Path=".github/workflows/publish_release.yaml" />
  </Folder>
  <Folder Name="/Sources/">
    <Project Path="Sources/Nivaes.TimeLine.Droid/Nivaes.TimeLine.Droid.csproj" Id="779314da-6b65-4654-b9f0-a6c1348857af" />
    <Project Path="Sources/Nivaes.TimeLine.UIKit/Nivaes.TimeLine.UIKit.csproj" Id="8cffedfe-bba4-409e-a7b7-833387001e19" />
    <Project Path="Sources/Nivaes.TimeLine.WinUI/Nivaes.TimeLine.WinUI.csproj" Id="f2859287-fde1-45f6-90a8-474b6361995e" />
  </Folder>
</Solution>
