
Microsoft Visual Studio Solution File, Format Version 12.00
# Visual Studio Version 16
VisualStudioVersion = 16.0.30204.135
MinimumVisualStudioVersion = 10.0.40219.1
Project("{2150E333-8FDC-42A3-9474-1A3956D46DE8}") = "Solution Items", "Solution Items", "{2D882ED8-BDF5-48B3-9D57-D8A51B32484C}"
	ProjectSection(SolutionItems) = preProject
		.editorconfig = .editorconfig
		.gitattributes = .gitattributes
		.gitignore = .gitignore
		Directory.Build.props = Directory.Build.props
		Directory.Build.targets = Directory.Build.targets
		global.json = global.json
		LICENSE = LICENSE
		NuGet.config = NuGet.config
		README.md = README.md
	EndProjectSection
EndProject
Project("{9A19103F-16F7-4668-BE54-9A1E7A4F7556}") = "Nivaes.TimeLine.Droid", "Nivaes.TimeLine.Droid\Nivaes.TimeLine.Droid.csproj", "{D3BEB0EF-F506-406B-A584-7A54820C7BA6}"
EndProject
Project("{9A19103F-16F7-4668-BE54-9A1E7A4F7556}") = "Nivaes.TimeLine.iOS", "Nivaes.TimeLine.iOS\Nivaes.TimeLine.iOS.csproj", "{E64B038B-65E4-4281-A078-348F08742D77}"
EndProject
Project("{FAE04EC0-301F-11D3-BF4B-00C04F79EFBC}") = "Nivaes.TimeLine.Droid.Sample", "Nivaes.TimeLine.Droid.Sample\Nivaes.TimeLine.Droid.Sample.csproj", "{CBBF94D4-317E-43E9-9430-DF3362EB6B52}"
EndProject
Project("{FAE04EC0-301F-11D3-BF4B-00C04F79EFBC}") = "Nivaes.TimeLine.iOS.Sample", "Nivaes.TimeLine.iOS.Sample\Nivaes.TimeLine.iOS.Sample.csproj", "{CDB44160-CD6B-4251-96BA-E315A89780DA}"
EndProject
Project("{9A19103F-16F7-4668-BE54-9A1E7A4F7556}") = "Nivaes.TimeLine.WinUI", "Nivaes.TimeLine.WinUI\Nivaes.TimeLine.WinUI.csproj", "{5EEE76DF-3FCC-49D5-AC39-0F0EA3B4B69E}"
EndProject
Project("{9A19103F-16F7-4668-BE54-9A1E7A4F7556}") = "Nivaes.TimeLine.WinUI.UWP.Sample", "Nivaes.TimeLine.WinUI.UWP.Sample\Nivaes.TimeLine.WinUI.UWP.Sample.csproj", "{CBAB1551-D061-4123-8775-B34438C66BE5}"
EndProject
Project("{9A19103F-16F7-4668-BE54-9A1E7A4F7556}") = "Nivaes.TimeLine.WinUI.WPF.Sample", "Nivaes.TimeLine.WinUI.WPF.Sample\Nivaes.TimeLine.WinUI.WPF.Sample.csproj", "{917729D6-9C9A-4406-B38F-C577F862F9B1}"
EndProject
Project("{C7167F0D-BC9F-4E6E-AFE1-012C56B48DB5}") = "Nivaes.TimeLine.WinUI.UWP.Sample.Package", "Nivaes.TimeLine.WinUI.UWP.Sample.Package\Nivaes.TimeLine.WinUI.UWP.Sample.Package.wapproj", "{9CA4174E-4495-4FCC-8846-4E6BEEFED68B}"
EndProject
Global
	GlobalSection(SolutionConfigurationPlatforms) = preSolution
		Debug|arm64 = Debug|arm64
		Debug|Developer = Debug|Developer
		Debug|x64 = Debug|x64
		Debug|x86 = Debug|x86
		Release|arm64 = Release|arm64
		Release|Developer = Release|Developer
		Release|x64 = Release|x64
		Release|x86 = Release|x86
	EndGlobalSection
	GlobalSection(ProjectConfigurationPlatforms) = postSolution
		{D3BEB0EF-F506-406B-A584-7A54820C7BA6}.Debug|arm64.ActiveCfg = Debug|Any CPU
		{D3BEB0EF-F506-406B-A584-7A54820C7BA6}.Debug|arm64.Build.0 = Debug|Any CPU
		{D3BEB0EF-F506-406B-A584-7A54820C7BA6}.Debug|Developer.ActiveCfg = Debug|Any CPU
		{D3BEB0EF-F506-406B-A584-7A54820C7BA6}.Debug|Developer.Build.0 = Debug|Any CPU
		{D3BEB0EF-F506-406B-A584-7A54820C7BA6}.Debug|x64.ActiveCfg = Debug|Any CPU
		{D3BEB0EF-F506-406B-A584-7A54820C7BA6}.Debug|x64.Build.0 = Debug|Any CPU
		{D3BEB0EF-F506-406B-A584-7A54820C7BA6}.Debug|x86.ActiveCfg = Debug|Any CPU
		{D3BEB0EF-F506-406B-A584-7A54820C7BA6}.Debug|x86.Build.0 = Debug|Any CPU
		{D3BEB0EF-F506-406B-A584-7A54820C7BA6}.Release|arm64.ActiveCfg = Release|Any CPU
		{D3BEB0EF-F506-406B-A584-7A54820C7BA6}.Release|arm64.Build.0 = Release|Any CPU
		{D3BEB0EF-F506-406B-A584-7A54820C7BA6}.Release|Developer.ActiveCfg = Release|Any CPU
		{D3BEB0EF-F506-406B-A584-7A54820C7BA6}.Release|Developer.Build.0 = Release|Any CPU
		{D3BEB0EF-F506-406B-A584-7A54820C7BA6}.Release|x64.ActiveCfg = Release|Any CPU
		{D3BEB0EF-F506-406B-A584-7A54820C7BA6}.Release|x64.Build.0 = Release|Any CPU
		{D3BEB0EF-F506-406B-A584-7A54820C7BA6}.Release|x86.ActiveCfg = Release|Any CPU
		{D3BEB0EF-F506-406B-A584-7A54820C7BA6}.Release|x86.Build.0 = Release|Any CPU
		{E64B038B-65E4-4281-A078-348F08742D77}.Debug|arm64.ActiveCfg = Debug|Any CPU
		{E64B038B-65E4-4281-A078-348F08742D77}.Debug|arm64.Build.0 = Debug|Any CPU
		{E64B038B-65E4-4281-A078-348F08742D77}.Debug|Developer.ActiveCfg = Debug|Any CPU
		{E64B038B-65E4-4281-A078-348F08742D77}.Debug|Developer.Build.0 = Debug|Any CPU
		{E64B038B-65E4-4281-A078-348F08742D77}.Debug|x64.ActiveCfg = Debug|Any CPU
		{E64B038B-65E4-4281-A078-348F08742D77}.Debug|x64.Build.0 = Debug|Any CPU
		{E64B038B-65E4-4281-A078-348F08742D77}.Debug|x86.ActiveCfg = Debug|Any CPU
		{E64B038B-65E4-4281-A078-348F08742D77}.Debug|x86.Build.0 = Debug|Any CPU
		{E64B038B-65E4-4281-A078-348F08742D77}.Release|arm64.ActiveCfg = Release|Any CPU
		{E64B038B-65E4-4281-A078-348F08742D77}.Release|arm64.Build.0 = Release|Any CPU
		{E64B038B-65E4-4281-A078-348F08742D77}.Release|Developer.ActiveCfg = Release|Any CPU
		{E64B038B-65E4-4281-A078-348F08742D77}.Release|Developer.Build.0 = Release|Any CPU
		{E64B038B-65E4-4281-A078-348F08742D77}.Release|x64.ActiveCfg = Release|Any CPU
		{E64B038B-65E4-4281-A078-348F08742D77}.Release|x64.Build.0 = Release|Any CPU
		{E64B038B-65E4-4281-A078-348F08742D77}.Release|x86.ActiveCfg = Release|Any CPU
		{E64B038B-65E4-4281-A078-348F08742D77}.Release|x86.Build.0 = Release|Any CPU
		{CBBF94D4-317E-43E9-9430-DF3362EB6B52}.Debug|arm64.ActiveCfg = Debug|Any CPU
		{CBBF94D4-317E-43E9-9430-DF3362EB6B52}.Debug|arm64.Build.0 = Debug|Any CPU
		{CBBF94D4-317E-43E9-9430-DF3362EB6B52}.Debug|arm64.Deploy.0 = Debug|Any CPU
		{CBBF94D4-317E-43E9-9430-DF3362EB6B52}.Debug|Developer.ActiveCfg = Debug|Any CPU
		{CBBF94D4-317E-43E9-9430-DF3362EB6B52}.Debug|Developer.Build.0 = Debug|Any CPU
		{CBBF94D4-317E-43E9-9430-DF3362EB6B52}.Debug|Developer.Deploy.0 = Debug|Any CPU
		{CBBF94D4-317E-43E9-9430-DF3362EB6B52}.Debug|x64.ActiveCfg = Debug|Any CPU
		{CBBF94D4-317E-43E9-9430-DF3362EB6B52}.Debug|x64.Build.0 = Debug|Any CPU
		{CBBF94D4-317E-43E9-9430-DF3362EB6B52}.Debug|x64.Deploy.0 = Debug|Any CPU
		{CBBF94D4-317E-43E9-9430-DF3362EB6B52}.Debug|x86.ActiveCfg = Debug|Any CPU
		{CBBF94D4-317E-43E9-9430-DF3362EB6B52}.Debug|x86.Build.0 = Debug|Any CPU
		{CBBF94D4-317E-43E9-9430-DF3362EB6B52}.Debug|x86.Deploy.0 = Debug|Any CPU
		{CBBF94D4-317E-43E9-9430-DF3362EB6B52}.Release|arm64.ActiveCfg = Release|Any CPU
		{CBBF94D4-317E-43E9-9430-DF3362EB6B52}.Release|arm64.Build.0 = Release|Any CPU
		{CBBF94D4-317E-43E9-9430-DF3362EB6B52}.Release|arm64.Deploy.0 = Release|Any CPU
		{CBBF94D4-317E-43E9-9430-DF3362EB6B52}.Release|Developer.ActiveCfg = Release|Any CPU
		{CBBF94D4-317E-43E9-9430-DF3362EB6B52}.Release|Developer.Build.0 = Release|Any CPU
		{CBBF94D4-317E-43E9-9430-DF3362EB6B52}.Release|Developer.Deploy.0 = Release|Any CPU
		{CBBF94D4-317E-43E9-9430-DF3362EB6B52}.Release|x64.ActiveCfg = Release|Any CPU
		{CBBF94D4-317E-43E9-9430-DF3362EB6B52}.Release|x64.Build.0 = Release|Any CPU
		{CBBF94D4-317E-43E9-9430-DF3362EB6B52}.Release|x64.Deploy.0 = Release|Any CPU
		{CBBF94D4-317E-43E9-9430-DF3362EB6B52}.Release|x86.ActiveCfg = Release|Any CPU
		{CBBF94D4-317E-43E9-9430-DF3362EB6B52}.Release|x86.Build.0 = Release|Any CPU
		{CBBF94D4-317E-43E9-9430-DF3362EB6B52}.Release|x86.Deploy.0 = Release|Any CPU
		{CDB44160-CD6B-4251-96BA-E315A89780DA}.Debug|arm64.ActiveCfg = Debug|iPhone
		{CDB44160-CD6B-4251-96BA-E315A89780DA}.Debug|arm64.Build.0 = Debug|iPhone
		{CDB44160-CD6B-4251-96BA-E315A89780DA}.Debug|Developer.ActiveCfg = Debug|iPhoneSimulator
		{CDB44160-CD6B-4251-96BA-E315A89780DA}.Debug|Developer.Build.0 = Debug|iPhoneSimulator
		{CDB44160-CD6B-4251-96BA-E315A89780DA}.Debug|x64.ActiveCfg = Debug|iPhone
		{CDB44160-CD6B-4251-96BA-E315A89780DA}.Debug|x86.ActiveCfg = Debug|iPhone
		{CDB44160-CD6B-4251-96BA-E315A89780DA}.Debug|x86.Build.0 = Debug|iPhone
		{CDB44160-CD6B-4251-96BA-E315A89780DA}.Release|arm64.ActiveCfg = Release|iPhoneSimulator
		{CDB44160-CD6B-4251-96BA-E315A89780DA}.Release|Developer.ActiveCfg = Release|iPhone
		{CDB44160-CD6B-4251-96BA-E315A89780DA}.Release|x64.ActiveCfg = Release|iPhoneSimulator
		{CDB44160-CD6B-4251-96BA-E315A89780DA}.Release|x86.ActiveCfg = Release|iPhoneSimulator
		{5EEE76DF-3FCC-49D5-AC39-0F0EA3B4B69E}.Debug|arm64.ActiveCfg = Debug|Any CPU
		{5EEE76DF-3FCC-49D5-AC39-0F0EA3B4B69E}.Debug|arm64.Build.0 = Debug|Any CPU
		{5EEE76DF-3FCC-49D5-AC39-0F0EA3B4B69E}.Debug|Developer.ActiveCfg = Debug|Any CPU
		{5EEE76DF-3FCC-49D5-AC39-0F0EA3B4B69E}.Debug|Developer.Build.0 = Debug|Any CPU
		{5EEE76DF-3FCC-49D5-AC39-0F0EA3B4B69E}.Debug|x64.ActiveCfg = Debug|Any CPU
		{5EEE76DF-3FCC-49D5-AC39-0F0EA3B4B69E}.Debug|x64.Build.0 = Debug|Any CPU
		{5EEE76DF-3FCC-49D5-AC39-0F0EA3B4B69E}.Debug|x86.ActiveCfg = Debug|Any CPU
		{5EEE76DF-3FCC-49D5-AC39-0F0EA3B4B69E}.Debug|x86.Build.0 = Debug|Any CPU
		{5EEE76DF-3FCC-49D5-AC39-0F0EA3B4B69E}.Release|arm64.ActiveCfg = Release|Any CPU
		{5EEE76DF-3FCC-49D5-AC39-0F0EA3B4B69E}.Release|arm64.Build.0 = Release|Any CPU
		{5EEE76DF-3FCC-49D5-AC39-0F0EA3B4B69E}.Release|Developer.ActiveCfg = Release|Any CPU
		{5EEE76DF-3FCC-49D5-AC39-0F0EA3B4B69E}.Release|Developer.Build.0 = Release|Any CPU
		{5EEE76DF-3FCC-49D5-AC39-0F0EA3B4B69E}.Release|x64.ActiveCfg = Release|Any CPU
		{5EEE76DF-3FCC-49D5-AC39-0F0EA3B4B69E}.Release|x64.Build.0 = Release|Any CPU
		{5EEE76DF-3FCC-49D5-AC39-0F0EA3B4B69E}.Release|x86.ActiveCfg = Release|Any CPU
		{5EEE76DF-3FCC-49D5-AC39-0F0EA3B4B69E}.Release|x86.Build.0 = Release|Any CPU
		{CBAB1551-D061-4123-8775-B34438C66BE5}.Debug|arm64.ActiveCfg = Debug|x86
		{CBAB1551-D061-4123-8775-B34438C66BE5}.Debug|arm64.Build.0 = Debug|x86
		{CBAB1551-D061-4123-8775-B34438C66BE5}.Debug|Developer.ActiveCfg = Debug|x64
		{CBAB1551-D061-4123-8775-B34438C66BE5}.Debug|Developer.Build.0 = Debug|x64
		{CBAB1551-D061-4123-8775-B34438C66BE5}.Debug|x64.ActiveCfg = Debug|x64
		{CBAB1551-D061-4123-8775-B34438C66BE5}.Debug|x64.Build.0 = Debug|x64
		{CBAB1551-D061-4123-8775-B34438C66BE5}.Debug|x86.ActiveCfg = Debug|x86
		{CBAB1551-D061-4123-8775-B34438C66BE5}.Debug|x86.Build.0 = Debug|x86
		{CBAB1551-D061-4123-8775-B34438C66BE5}.Release|arm64.ActiveCfg = Release|x86
		{CBAB1551-D061-4123-8775-B34438C66BE5}.Release|Developer.ActiveCfg = Release|x86
		{CBAB1551-D061-4123-8775-B34438C66BE5}.Release|x64.ActiveCfg = Release|x64
		{CBAB1551-D061-4123-8775-B34438C66BE5}.Release|x64.Build.0 = Release|x64
		{CBAB1551-D061-4123-8775-B34438C66BE5}.Release|x86.ActiveCfg = Release|x86
		{CBAB1551-D061-4123-8775-B34438C66BE5}.Release|x86.Build.0 = Release|x86
		{917729D6-9C9A-4406-B38F-C577F862F9B1}.Debug|arm64.ActiveCfg = Debug|Any CPU
		{917729D6-9C9A-4406-B38F-C577F862F9B1}.Debug|arm64.Build.0 = Debug|Any CPU
		{917729D6-9C9A-4406-B38F-C577F862F9B1}.Debug|Developer.ActiveCfg = Debug|Any CPU
		{917729D6-9C9A-4406-B38F-C577F862F9B1}.Debug|Developer.Build.0 = Debug|Any CPU
		{917729D6-9C9A-4406-B38F-C577F862F9B1}.Debug|x64.ActiveCfg = Debug|Any CPU
		{917729D6-9C9A-4406-B38F-C577F862F9B1}.Debug|x64.Build.0 = Debug|Any CPU
		{917729D6-9C9A-4406-B38F-C577F862F9B1}.Debug|x86.ActiveCfg = Debug|Any CPU
		{917729D6-9C9A-4406-B38F-C577F862F9B1}.Debug|x86.Build.0 = Debug|Any CPU
		{917729D6-9C9A-4406-B38F-C577F862F9B1}.Release|arm64.ActiveCfg = Release|Any CPU
		{917729D6-9C9A-4406-B38F-C577F862F9B1}.Release|arm64.Build.0 = Release|Any CPU
		{917729D6-9C9A-4406-B38F-C577F862F9B1}.Release|Developer.ActiveCfg = Release|Any CPU
		{917729D6-9C9A-4406-B38F-C577F862F9B1}.Release|Developer.Build.0 = Release|Any CPU
		{917729D6-9C9A-4406-B38F-C577F862F9B1}.Release|x64.ActiveCfg = Release|Any CPU
		{917729D6-9C9A-4406-B38F-C577F862F9B1}.Release|x64.Build.0 = Release|Any CPU
		{917729D6-9C9A-4406-B38F-C577F862F9B1}.Release|x86.ActiveCfg = Release|Any CPU
		{917729D6-9C9A-4406-B38F-C577F862F9B1}.Release|x86.Build.0 = Release|Any CPU
		{9CA4174E-4495-4FCC-8846-4E6BEEFED68B}.Debug|arm64.ActiveCfg = Debug|arm64
		{9CA4174E-4495-4FCC-8846-4E6BEEFED68B}.Debug|arm64.Build.0 = Debug|arm64
		{9CA4174E-4495-4FCC-8846-4E6BEEFED68B}.Debug|arm64.Deploy.0 = Debug|arm64
		{9CA4174E-4495-4FCC-8846-4E6BEEFED68B}.Debug|Developer.ActiveCfg = Debug|x64
		{9CA4174E-4495-4FCC-8846-4E6BEEFED68B}.Debug|Developer.Build.0 = Debug|x64
		{9CA4174E-4495-4FCC-8846-4E6BEEFED68B}.Debug|Developer.Deploy.0 = Debug|x64
		{9CA4174E-4495-4FCC-8846-4E6BEEFED68B}.Debug|x64.ActiveCfg = Debug|x64
		{9CA4174E-4495-4FCC-8846-4E6BEEFED68B}.Debug|x64.Build.0 = Debug|x64
		{9CA4174E-4495-4FCC-8846-4E6BEEFED68B}.Debug|x64.Deploy.0 = Debug|x64
		{9CA4174E-4495-4FCC-8846-4E6BEEFED68B}.Debug|x86.ActiveCfg = Debug|x86
		{9CA4174E-4495-4FCC-8846-4E6BEEFED68B}.Debug|x86.Build.0 = Debug|x86
		{9CA4174E-4495-4FCC-8846-4E6BEEFED68B}.Debug|x86.Deploy.0 = Debug|x86
		{9CA4174E-4495-4FCC-8846-4E6BEEFED68B}.Release|arm64.ActiveCfg = Release|arm64
		{9CA4174E-4495-4FCC-8846-4E6BEEFED68B}.Release|arm64.Build.0 = Release|arm64
		{9CA4174E-4495-4FCC-8846-4E6BEEFED68B}.Release|arm64.Deploy.0 = Release|arm64
		{9CA4174E-4495-4FCC-8846-4E6BEEFED68B}.Release|Developer.ActiveCfg = Release|x86
		{9CA4174E-4495-4FCC-8846-4E6BEEFED68B}.Release|x64.ActiveCfg = Release|x64
		{9CA4174E-4495-4FCC-8846-4E6BEEFED68B}.Release|x64.Build.0 = Release|x64
		{9CA4174E-4495-4FCC-8846-4E6BEEFED68B}.Release|x64.Deploy.0 = Release|x64
		{9CA4174E-4495-4FCC-8846-4E6BEEFED68B}.Release|x86.ActiveCfg = Release|x86
		{9CA4174E-4495-4FCC-8846-4E6BEEFED68B}.Release|x86.Build.0 = Release|x86
		{9CA4174E-4495-4FCC-8846-4E6BEEFED68B}.Release|x86.Deploy.0 = Release|x86
	EndGlobalSection
	GlobalSection(SolutionProperties) = preSolution
		HideSolutionNode = FALSE
	EndGlobalSection
	GlobalSection(ExtensibilityGlobals) = postSolution
		SolutionGuid = {7B86F2E8-EE7B-401A-BC63-D0A16E11471C}
	EndGlobalSection
EndGlobal
